
Microsoft Visual Studio Solution File, Format Version 12.00
# Visual Studio 15
VisualStudioVersion = 15.0.27428.2015
MinimumVisualStudioVersion = 10.0.40219.1
Project("{FAE04EC0-301F-11D3-BF4B-00C04F79EFBC}") = "Vanguard", "Vanguard\Vanguard.csproj", "{50CB11B4-4629-456F-AFD1-DBA4709B6FE8}"
EndProject
Project("{2150E333-8FDC-42A3-9474-1A3956D46DE8}") = "ExcelFileFolder", "ExcelFileFolder", "{E75F8AD2-5299-4BC7-A2AA-3DC4B0AEE6A8}"
	ProjectSection(SolutionItems) = preProject
		ExcelFileFolder\VanguardDB.xlsx = ExcelFileFolder\VanguardDB.xlsx
	EndProjectSection
EndProject
Project("{FAE04EC0-301F-11D3-BF4B-00C04F79EFBC}") = "ExcelDataImporter", "ExcelImporter\ExcelDataImporter.csproj", "{745AF229-4A48-49E8-88FC-21D571F16676}"
	ProjectSection(ProjectDependencies) = postProject
		{50CB11B4-4629-456F-AFD1-DBA4709B6FE8} = {50CB11B4-4629-456F-AFD1-DBA4709B6FE8}
	EndProjectSection
EndProject
Global
	GlobalSection(SolutionConfigurationPlatforms) = preSolution
		Debug|Any CPU = Debug|Any CPU
		Release|Any CPU = Release|Any CPU
	EndGlobalSection
	GlobalSection(ProjectConfigurationPlatforms) = postSolution
		{50CB11B4-4629-456F-AFD1-DBA4709B6FE8}.Debug|Any CPU.ActiveCfg = Debug|Any CPU
		{50CB11B4-4629-456F-AFD1-DBA4709B6FE8}.Debug|Any CPU.Build.0 = Debug|Any CPU
		{50CB11B4-4629-456F-AFD1-DBA4709B6FE8}.Release|Any CPU.ActiveCfg = Release|Any CPU
		{50CB11B4-4629-456F-AFD1-DBA4709B6FE8}.Release|Any CPU.Build.0 = Release|Any CPU
		{745AF229-4A48-49E8-88FC-21D571F16676}.Debug|Any CPU.ActiveCfg = Debug|Any CPU
		{745AF229-4A48-49E8-88FC-21D571F16676}.Debug|Any CPU.Build.0 = Debug|Any CPU
		{745AF229-4A48-49E8-88FC-21D571F16676}.Release|Any CPU.ActiveCfg = Release|Any CPU
		{745AF229-4A48-49E8-88FC-21D571F16676}.Release|Any CPU.Build.0 = Release|Any CPU
	EndGlobalSection
	GlobalSection(SolutionProperties) = preSolution
		HideSolutionNode = FALSE
	EndGlobalSection
	GlobalSection(ExtensibilityGlobals) = postSolution
		SolutionGuid = {E61076DC-A3A0-4504-B74F-C40D7528A6BF}
	EndGlobalSection
EndGlobal
