
Microsoft Visual Studio Solution File, Format Version 12.00
# Visual Studio 15
VisualStudioVersion = 15.0.27428.2015
MinimumVisualStudioVersion = 10.0.40219.1
Project("{FAE04EC0-301F-11D3-BF4B-00C04F79EFBC}") = "Vanguard", "Vanguard\Vanguard.csproj", "{50CB11B4-4629-456F-AFD1-DBA4709B6FE8}"
EndProject
Project("{FAE04EC0-301F-11D3-BF4B-00C04F79EFBC}") = "DataLoadLibrary", "DataLoadLibrary\DataLoadLibrary.csproj", "{2A029AC5-FCB6-4F7E-B1EF-1D58B3291DE7}"
EndProject
Project("{FAE04EC0-301F-11D3-BF4B-00C04F79EFBC}") = "DataLoadUnitTest-DebugProject", "DataLoadUnitTest-DebugProject\DataLoadUnitTest-DebugProject.csproj", "{51DB244F-D7A3-44AE-BB83-A20505FF6B95}"
EndProject
Project("{2150E333-8FDC-42A3-9474-1A3956D46DE8}") = "ExcelFileFolder", "ExcelFileFolder", "{E75F8AD2-5299-4BC7-A2AA-3DC4B0AEE6A8}"
	ProjectSection(SolutionItems) = preProject
		ExcelFileFolder\VanguardDB.xlsx = ExcelFileFolder\VanguardDB.xlsx
	EndProjectSection
EndProject
Project("{FAE04EC0-301F-11D3-BF4B-00C04F79EFBC}") = "VanguardTests", "VanguardTests\VanguardTests.csproj", "{D3A3301D-4A3D-4351-B52A-E315D395B14B}"
EndProject
Project("{9A19103F-16F7-4668-BE54-9A1E7A4F7556}") = "DataImporter", "DataImporter\DataImporter.csproj", "{7640F321-F611-47B0-AAAB-8B1D9AD99D11}"
EndProject
Project("{FAE04EC0-301F-11D3-BF4B-00C04F79EFBC}") = "DataImporterTests", "DataImporterTests\DataImporterTests.csproj", "{87BE36F1-21D7-4736-87A2-80E35037E8EF}"
EndProject
Global
	GlobalSection(SolutionConfigurationPlatforms) = preSolution
		Debug|Any CPU = Debug|Any CPU
		Release|Any CPU = Release|Any CPU
	EndGlobalSection
	GlobalSection(ProjectConfigurationPlatforms) = postSolution
		{50CB11B4-4629-456F-AFD1-DBA4709B6FE8}.Debug|Any CPU.ActiveCfg = Debug|Any CPU
		{50CB11B4-4629-456F-AFD1-DBA4709B6FE8}.Debug|Any CPU.Build.0 = Debug|Any CPU
		{50CB11B4-4629-456F-AFD1-DBA4709B6FE8}.Release|Any CPU.ActiveCfg = Release|Any CPU
		{50CB11B4-4629-456F-AFD1-DBA4709B6FE8}.Release|Any CPU.Build.0 = Release|Any CPU
		{2A029AC5-FCB6-4F7E-B1EF-1D58B3291DE7}.Debug|Any CPU.ActiveCfg = Debug|Any CPU
		{2A029AC5-FCB6-4F7E-B1EF-1D58B3291DE7}.Debug|Any CPU.Build.0 = Debug|Any CPU
		{2A029AC5-FCB6-4F7E-B1EF-1D58B3291DE7}.Release|Any CPU.ActiveCfg = Release|Any CPU
		{2A029AC5-FCB6-4F7E-B1EF-1D58B3291DE7}.Release|Any CPU.Build.0 = Release|Any CPU
		{51DB244F-D7A3-44AE-BB83-A20505FF6B95}.Debug|Any CPU.ActiveCfg = Debug|Any CPU
		{51DB244F-D7A3-44AE-BB83-A20505FF6B95}.Debug|Any CPU.Build.0 = Debug|Any CPU
		{51DB244F-D7A3-44AE-BB83-A20505FF6B95}.Release|Any CPU.ActiveCfg = Release|Any CPU
		{51DB244F-D7A3-44AE-BB83-A20505FF6B95}.Release|Any CPU.Build.0 = Release|Any CPU
		{D3A3301D-4A3D-4351-B52A-E315D395B14B}.Debug|Any CPU.ActiveCfg = Debug|Any CPU
		{D3A3301D-4A3D-4351-B52A-E315D395B14B}.Debug|Any CPU.Build.0 = Debug|Any CPU
		{D3A3301D-4A3D-4351-B52A-E315D395B14B}.Release|Any CPU.ActiveCfg = Release|Any CPU
		{D3A3301D-4A3D-4351-B52A-E315D395B14B}.Release|Any CPU.Build.0 = Release|Any CPU
		{7640F321-F611-47B0-AAAB-8B1D9AD99D11}.Debug|Any CPU.ActiveCfg = Debug|Any CPU
		{7640F321-F611-47B0-AAAB-8B1D9AD99D11}.Debug|Any CPU.Build.0 = Debug|Any CPU
		{7640F321-F611-47B0-AAAB-8B1D9AD99D11}.Release|Any CPU.ActiveCfg = Release|Any CPU
		{7640F321-F611-47B0-AAAB-8B1D9AD99D11}.Release|Any CPU.Build.0 = Release|Any CPU
		{87BE36F1-21D7-4736-87A2-80E35037E8EF}.Debug|Any CPU.ActiveCfg = Debug|Any CPU
		{87BE36F1-21D7-4736-87A2-80E35037E8EF}.Debug|Any CPU.Build.0 = Debug|Any CPU
		{87BE36F1-21D7-4736-87A2-80E35037E8EF}.Release|Any CPU.ActiveCfg = Release|Any CPU
		{87BE36F1-21D7-4736-87A2-80E35037E8EF}.Release|Any CPU.Build.0 = Release|Any CPU
	EndGlobalSection
	GlobalSection(SolutionProperties) = preSolution
		HideSolutionNode = FALSE
	EndGlobalSection
	GlobalSection(ExtensibilityGlobals) = postSolution
		SolutionGuid = {E61076DC-A3A0-4504-B74F-C40D7528A6BF}
	EndGlobalSection
EndGlobal
